// !$*UTF8*$!
{
	archiveVersion = 1;
	classes = {
	};
	objectVersion = 50;
	objects = {

/* Begin PBXBuildFile section */
		1636C06D2436CA540004FAD5 /* AppDelegate.swift in Sources */ = {isa = PBXBuildFile; fileRef = 1636C06C2436CA540004FAD5 /* AppDelegate.swift */; };
		1636C06F2436CA540004FAD5 /* SceneDelegate.swift in Sources */ = {isa = PBXBuildFile; fileRef = 1636C06E2436CA540004FAD5 /* SceneDelegate.swift */; };
		1636C0712436CA540004FAD5 /* RecordAudioController.swift in Sources */ = {isa = PBXBuildFile; fileRef = 1636C0702436CA540004FAD5 /* RecordAudioController.swift */; };
		1636C0762436CA550004FAD5 /* Assets.xcassets in Resources */ = {isa = PBXBuildFile; fileRef = 1636C0752436CA550004FAD5 /* Assets.xcassets */; };
		1636C0792436CA550004FAD5 /* LaunchScreen.storyboard in Resources */ = {isa = PBXBuildFile; fileRef = 1636C0772436CA550004FAD5 /* LaunchScreen.storyboard */; };
		16C8373D2436EBF50066FBEB /* Main.storyboard in Resources */ = {isa = PBXBuildFile; fileRef = 1636C0722436CA540004FAD5 /* Main.storyboard */; };
		16FCC437243809460046F7CA /* PlayAudioController.swift in Sources */ = {isa = PBXBuildFile; fileRef = 16FCC436243809460046F7CA /* PlayAudioController.swift */; };
		16FCC43B243827E30046F7CA /* PlayAudioController+Audio.swift in Sources */ = {isa = PBXBuildFile; fileRef = 16FCC43A243827E30046F7CA /* PlayAudioController+Audio.swift */; };
/* End PBXBuildFile section */

/* Begin PBXFileReference section */
		1636C0692436CA540004FAD5 /* PitchPerfect.app */ = {isa = PBXFileReference; explicitFileType = wrapper.application; includeInIndex = 0; path = PitchPerfect.app; sourceTree = BUILT_PRODUCTS_DIR; };
		1636C06C2436CA540004FAD5 /* AppDelegate.swift */ = {isa = PBXFileReference; lastKnownFileType = sourcecode.swift; path = AppDelegate.swift; sourceTree = "<group>"; };
		1636C06E2436CA540004FAD5 /* SceneDelegate.swift */ = {isa = PBXFileReference; lastKnownFileType = sourcecode.swift; path = SceneDelegate.swift; sourceTree = "<group>"; };
		1636C0702436CA540004FAD5 /* RecordAudioController.swift */ = {isa = PBXFileReference; lastKnownFileType = sourcecode.swift; path = RecordAudioController.swift; sourceTree = "<group>"; };
		1636C0732436CA540004FAD5 /* Base */ = {isa = PBXFileReference; lastKnownFileType = file.storyboard; name = Base; path = Base.lproj/Main.storyboard; sourceTree = "<group>"; };
		1636C0752436CA550004FAD5 /* Assets.xcassets */ = {isa = PBXFileReference; lastKnownFileType = folder.assetcatalog; path = Assets.xcassets; sourceTree = "<group>"; };
		1636C0782436CA550004FAD5 /* Base */ = {isa = PBXFileReference; lastKnownFileType = file.storyboard; name = Base; path = Base.lproj/LaunchScreen.storyboard; sourceTree = "<group>"; };
		1636C07A2436CA550004FAD5 /* Info.plist */ = {isa = PBXFileReference; lastKnownFileType = text.plist.xml; path = Info.plist; sourceTree = "<group>"; };
		16C8373C2436EBF20066FBEB /* en */ = {isa = PBXFileReference; lastKnownFileType = text.plist.strings; name = en; path = en.lproj/Main.strings; sourceTree = "<group>"; };
		16FCC436243809460046F7CA /* PlayAudioController.swift */ = {isa = PBXFileReference; lastKnownFileType = sourcecode.swift; path = PlayAudioController.swift; sourceTree = "<group>"; };
		16FCC43A243827E30046F7CA /* PlayAudioController+Audio.swift */ = {isa = PBXFileReference; fileEncoding = 4; lastKnownFileType = sourcecode.swift; path = "PlayAudioController+Audio.swift"; sourceTree = "<group>"; };
/* End PBXFileReference section */

/* Begin PBXFrameworksBuildPhase section */
		1636C0662436CA540004FAD5 /* Frameworks */ = {
			isa = PBXFrameworksBuildPhase;
			buildActionMask = 2147483647;
			files = (
			);
			runOnlyForDeploymentPostprocessing = 0;
		};
/* End PBXFrameworksBuildPhase section */

/* Begin PBXGroup section */
		1636C0602436CA540004FAD5 = {
			isa = PBXGroup;
			children = (
				1636C06B2436CA540004FAD5 /* PitchPerfect */,
				1636C06A2436CA540004FAD5 /* Products */,
			);
			sourceTree = "<group>";
		};
		1636C06A2436CA540004FAD5 /* Products */ = {
			isa = PBXGroup;
			children = (
				1636C0692436CA540004FAD5 /* PitchPerfect.app */,
			);
			name = Products;
			sourceTree = "<group>";
		};
		1636C06B2436CA540004FAD5 /* PitchPerfect */ = {
			isa = PBXGroup;
			children = (
				E6EFFD2E24D4AD020098DED1 /* Assets */,
				E6EFFD3024D4AD4E0098DED1 /* Controllers */,
				E6EFFD2F24D4AD210098DED1 /* Storyboards */,
				1636C06C2436CA540004FAD5 /* AppDelegate.swift */,
				1636C06E2436CA540004FAD5 /* SceneDelegate.swift */,
				1636C07A2436CA550004FAD5 /* Info.plist */,
			);
			path = PitchPerfect;
			sourceTree = "<group>";
		};
		E6EFFD2E24D4AD020098DED1 /* Assets */ = {
			isa = PBXGroup;
			children = (
				1636C0752436CA550004FAD5 /* Assets.xcassets */,
			);
			path = Assets;
			sourceTree = "<group>";
		};
		E6EFFD2F24D4AD210098DED1 /* Storyboards */ = {
			isa = PBXGroup;
			children = (
				1636C0722436CA540004FAD5 /* Main.storyboard */,
				1636C0772436CA550004FAD5 /* LaunchScreen.storyboard */,
			);
			path = Storyboards;
			sourceTree = "<group>";
		};
		E6EFFD3024D4AD4E0098DED1 /* Controllers */ = {
			isa = PBXGroup;
			children = (
				1636C0702436CA540004FAD5 /* RecordAudioController.swift */,
				16FCC436243809460046F7CA /* PlayAudioController.swift */,
				16FCC43A243827E30046F7CA /* PlayAudioController+Audio.swift */,
			);
			path = Controllers;
			sourceTree = "<group>";
		};
/* End PBXGroup section */

/* Begin PBXNativeTarget section */
		1636C0682436CA540004FAD5 /* PitchPerfect */ = {
			isa = PBXNativeTarget;
			buildConfigurationList = 1636C07D2436CA550004FAD5 /* Build configuration list for PBXNativeTarget "PitchPerfect" */;
			buildPhases = (
				1636C0652436CA540004FAD5 /* Sources */,
				1636C0662436CA540004FAD5 /* Frameworks */,
				1636C0672436CA540004FAD5 /* Resources */,
			);
			buildRules = (
			);
			dependencies = (
			);
			name = PitchPerfect;
			productName = PitchPerfect;
			productReference = 1636C0692436CA540004FAD5 /* PitchPerfect.app */;
			productType = "com.apple.product-type.application";
		};
/* End PBXNativeTarget section */

/* Begin PBXProject section */
		1636C0612436CA540004FAD5 /* Project object */ = {
			isa = PBXProject;
			attributes = {
				LastSwiftUpdateCheck = 1120;
				LastUpgradeCheck = 1120;
				ORGANIZATIONNAME = jdemaagd;
				TargetAttributes = {
					1636C0682436CA540004FAD5 = {
						CreatedOnToolsVersion = 11.2.1;
					};
				};
			};
			buildConfigurationList = 1636C0642436CA540004FAD5 /* Build configuration list for PBXProject "PitchPerfect" */;
			compatibilityVersion = "Xcode 9.3";
			developmentRegion = en;
			hasScannedForEncodings = 0;
			knownRegions = (
				en,
				Base,
			);
			mainGroup = 1636C0602436CA540004FAD5;
			productRefGroup = 1636C06A2436CA540004FAD5 /* Products */;
			projectDirPath = "";
			projectRoot = "";
			targets = (
				1636C0682436CA540004FAD5 /* PitchPerfect */,
			);
		};
/* End PBXProject section */

/* Begin PBXResourcesBuildPhase section */
		1636C0672436CA540004FAD5 /* Resources */ = {
			isa = PBXResourcesBuildPhase;
			buildActionMask = 2147483647;
			files = (
				16C8373D2436EBF50066FBEB /* Main.storyboard in Resources */,
				1636C0792436CA550004FAD5 /* LaunchScreen.storyboard in Resources */,
				1636C0762436CA550004FAD5 /* Assets.xcassets in Resources */,
			);
			runOnlyForDeploymentPostprocessing = 0;
		};
/* End PBXResourcesBuildPhase section */

/* Begin PBXSourcesBuildPhase section */
		1636C0652436CA540004FAD5 /* Sources */ = {
			isa = PBXSourcesBuildPhase;
			buildActionMask = 2147483647;
			files = (
				16FCC437243809460046F7CA /* PlayAudioController.swift in Sources */,
				1636C0712436CA540004FAD5 /* RecordAudioController.swift in Sources */,
				1636C06D2436CA540004FAD5 /* AppDelegate.swift in Sources */,
				1636C06F2436CA540004FAD5 /* SceneDelegate.swift in Sources */,
				16FCC43B243827E30046F7CA /* PlayAudioController+Audio.swift in Sources */,
			);
			runOnlyForDeploymentPostprocessing = 0;
		};
/* End PBXSourcesBuildPhase section */

/* Begin PBXVariantGroup section */
		1636C0722436CA540004FAD5 /* Main.storyboard */ = {
			isa = PBXVariantGroup;
			children = (
				1636C0732436CA540004FAD5 /* Base */,
				16C8373C2436EBF20066FBEB /* en */,
			);
			name = Main.storyboard;
			sourceTree = "<group>";
		};
		1636C0772436CA550004FAD5 /* LaunchScreen.storyboard */ = {
			isa = PBXVariantGroup;
			children = (
				1636C0782436CA550004FAD5 /* Base */,
			);
			name = LaunchScreen.storyboard;
			sourceTree = "<group>";
		};
/* End PBXVariantGroup section */

/* Begin XCBuildConfiguration section */
		1636C07B2436CA550004FAD5 /* Debug */ = {
			isa = XCBuildConfiguration;
			buildSettings = {
				ALWAYS_SEARCH_USER_PATHS = NO;
				CLANG_ANALYZER_NONNULL = YES;
				CLANG_ANALYZER_NUMBER_OBJECT_CONVERSION = YES_AGGRESSIVE;
				CLANG_CXX_LANGUAGE_STANDARD = "gnu++14";
				CLANG_CXX_LIBRARY = "libc++";
				CLANG_ENABLE_MODULES = YES;
				CLANG_ENABLE_OBJC_ARC = YES;
				CLANG_ENABLE_OBJC_WEAK = YES;
				CLANG_WARN_BLOCK_CAPTURE_AUTORELEASING = YES;
				CLANG_WARN_BOOL_CONVERSION = YES;
				CLANG_WARN_COMMA = YES;
				CLANG_WARN_CONSTANT_CONVERSION = YES;
				CLANG_WARN_DEPRECATED_OBJC_IMPLEMENTATIONS = YES;
				CLANG_WARN_DIRECT_OBJC_ISA_USAGE = YES_ERROR;
				CLANG_WARN_DOCUMENTATION_COMMENTS = YES;
				CLANG_WARN_EMPTY_BODY = YES;
				CLANG_WARN_ENUM_CONVERSION = YES;
				CLANG_WARN_INFINITE_RECURSION = YES;
				CLANG_WARN_INT_CONVERSION = YES;
				CLANG_WARN_NON_LITERAL_NULL_CONVERSION = YES;
				CLANG_WARN_OBJC_IMPLICIT_RETAIN_SELF = YES;
				CLANG_WARN_OBJC_LITERAL_CONVERSION = YES;
				CLANG_WARN_OBJC_ROOT_CLASS = YES_ERROR;
				CLANG_WARN_RANGE_LOOP_ANALYSIS = YES;
				CLANG_WARN_STRICT_PROTOTYPES = YES;
				CLANG_WARN_SUSPICIOUS_MOVE = YES;
				CLANG_WARN_UNGUARDED_AVAILABILITY = YES_AGGRESSIVE;
				CLANG_WARN_UNREACHABLE_CODE = YES;
				CLANG_WARN__DUPLICATE_METHOD_MATCH = YES;
				COPY_PHASE_STRIP = NO;
				DEBUG_INFORMATION_FORMAT = dwarf;
				ENABLE_STRICT_OBJC_MSGSEND = YES;
				ENABLE_TESTABILITY = YES;
				GCC_C_LANGUAGE_STANDARD = gnu11;
				GCC_DYNAMIC_NO_PIC = NO;
				GCC_NO_COMMON_BLOCKS = YES;
				GCC_OPTIMIZATION_LEVEL = 0;
				GCC_PREPROCESSOR_DEFINITIONS = (
					"DEBUG=1",
					"$(inherited)",
				);
				GCC_WARN_64_TO_32_BIT_CONVERSION = YES;
				GCC_WARN_ABOUT_RETURN_TYPE = YES_ERROR;
				GCC_WARN_UNDECLARED_SELECTOR = YES;
				GCC_WARN_UNINITIALIZED_AUTOS = YES_AGGRESSIVE;
				GCC_WARN_UNUSED_FUNCTION = YES;
				GCC_WARN_UNUSED_VARIABLE = YES;
				IPHONEOS_DEPLOYMENT_TARGET = 13.2;
				MTL_ENABLE_DEBUG_INFO = INCLUDE_SOURCE;
				MTL_FAST_MATH = YES;
				ONLY_ACTIVE_ARCH = YES;
				SDKROOT = iphoneos;
				SWIFT_ACTIVE_COMPILATION_CONDITIONS = DEBUG;
				SWIFT_OPTIMIZATION_LEVEL = "-Onone";
			};
			name = Debug;
		};
		1636C07C2436CA550004FAD5 /* Release */ = {
			isa = XCBuildConfiguration;
			buildSettings = {
				ALWAYS_SEARCH_USER_PATHS = NO;
				CLANG_ANALYZER_NONNULL = YES;
				CLANG_ANALYZER_NUMBER_OBJECT_CONVERSION = YES_AGGRESSIVE;
				CLANG_CXX_LANGUAGE_STANDARD = "gnu++14";
				CLANG_CXX_LIBRARY = "libc++";
				CLANG_ENABLE_MODULES = YES;
				CLANG_ENABLE_OBJC_ARC = YES;
				CLANG_ENABLE_OBJC_WEAK = YES;
				CLANG_WARN_BLOCK_CAPTURE_AUTORELEASING = YES;
				CLANG_WARN_BOOL_CONVERSION = YES;
				CLANG_WARN_COMMA = YES;
				CLANG_WARN_CONSTANT_CONVERSION = YES;
				CLANG_WARN_DEPRECATED_OBJC_IMPLEMENTATIONS = YES;
				CLANG_WARN_DIRECT_OBJC_ISA_USAGE = YES_ERROR;
				CLANG_WARN_DOCUMENTATION_COMMENTS = YES;
				CLANG_WARN_EMPTY_BODY = YES;
				CLANG_WARN_ENUM_CONVERSION = YES;
				CLANG_WARN_INFINITE_RECURSION = YES;
				CLANG_WARN_INT_CONVERSION = YES;
				CLANG_WARN_NON_LITERAL_NULL_CONVERSION = YES;
				CLANG_WARN_OBJC_IMPLICIT_RETAIN_SELF = YES;
				CLANG_WARN_OBJC_LITERAL_CONVERSION = YES;
				CLANG_WARN_OBJC_ROOT_CLASS = YES_ERROR;
				CLANG_WARN_RANGE_LOOP_ANALYSIS = YES;
				CLANG_WARN_STRICT_PROTOTYPES = YES;
				CLANG_WARN_SUSPICIOUS_MOVE = YES;
				CLANG_WARN_UNGUARDED_AVAILABILITY = YES_AGGRESSIVE;
				CLANG_WARN_UNREACHABLE_CODE = YES;
				CLANG_WARN__DUPLICATE_METHOD_MATCH = YES;
				COPY_PHASE_STRIP = NO;
				DEBUG_INFORMATION_FORMAT = "dwarf-with-dsym";
				ENABLE_NS_ASSERTIONS = NO;
				ENABLE_STRICT_OBJC_MSGSEND = YES;
				GCC_C_LANGUAGE_STANDARD = gnu11;
				GCC_NO_COMMON_BLOCKS = YES;
				GCC_WARN_64_TO_32_BIT_CONVERSION = YES;
				GCC_WARN_ABOUT_RETURN_TYPE = YES_ERROR;
				GCC_WARN_UNDECLARED_SELECTOR = YES;
				GCC_WARN_UNINITIALIZED_AUTOS = YES_AGGRESSIVE;
				GCC_WARN_UNUSED_FUNCTION = YES;
				GCC_WARN_UNUSED_VARIABLE = YES;
				IPHONEOS_DEPLOYMENT_TARGET = 13.2;
				MTL_ENABLE_DEBUG_INFO = NO;
				MTL_FAST_MATH = YES;
				SDKROOT = iphoneos;
				SWIFT_COMPILATION_MODE = wholemodule;
				SWIFT_OPTIMIZATION_LEVEL = "-O";
				VALIDATE_PRODUCT = YES;
			};
			name = Release;
		};
		1636C07E2436CA550004FAD5 /* Debug */ = {
			isa = XCBuildConfiguration;
			buildSettings = {
				ASSETCATALOG_COMPILER_APPICON_NAME = AppIcon;
				CODE_SIGN_STYLE = Automatic;
				DEVELOPMENT_TEAM = 24GJADQW9X;
				INFOPLIST_FILE = PitchPerfect/Info.plist;
				IPHONEOS_DEPLOYMENT_TARGET = 13.4;
				LD_RUNPATH_SEARCH_PATHS = (
					"$(inherited)",
					"@executable_path/Frameworks",
				);
				PRODUCT_BUNDLE_IDENTIFIER = com.jdemaagd.PitchPerfect;
				PRODUCT_NAME = "$(TARGET_NAME)";
				SWIFT_VERSION = 5.0;
				TARGETED_DEVICE_FAMILY = "1,2";
			};
			name = Debug;
		};
		1636C07F2436CA550004FAD5 /* Release */ = {
			isa = XCBuildConfiguration;
			buildSettings = {
				ASSETCATALOG_COMPILER_APPICON_NAME = AppIcon;
				CODE_SIGN_STYLE = Automatic;
				DEVELOPMENT_TEAM = 24GJADQW9X;
				INFOPLIST_FILE = PitchPerfect/Info.plist;
				IPHONEOS_DEPLOYMENT_TARGET = 13.4;
				LD_RUNPATH_SEARCH_PATHS = (
					"$(inherited)",
					"@executable_path/Frameworks",
				);
				PRODUCT_BUNDLE_IDENTIFIER = com.jdemaagd.PitchPerfect;
				PRODUCT_NAME = "$(TARGET_NAME)";
				SWIFT_VERSION = 5.0;
				TARGETED_DEVICE_FAMILY = "1,2";
			};
			name = Release;
		};
/* End XCBuildConfiguration section */

/* Begin XCConfigurationList section */
		1636C0642436CA540004FAD5 /* Build configuration list for PBXProject "PitchPerfect" */ = {
			isa = XCConfigurationList;
			buildConfigurations = (
				1636C07B2436CA550004FAD5 /* Debug */,
				1636C07C2436CA550004FAD5 /* Release */,
			);
			defaultConfigurationIsVisible = 0;
			defaultConfigurationName = Release;
		};
		1636C07D2436CA550004FAD5 /* Build configuration list for PBXNativeTarget "PitchPerfect" */ = {
			isa = XCConfigurationList;
			buildConfigurations = (
				1636C07E2436CA550004FAD5 /* Debug */,
				1636C07F2436CA550004FAD5 /* Release */,
			);
			defaultConfigurationIsVisible = 0;
			defaultConfigurationName = Release;
		};
/* End XCConfigurationList section */
	};
	rootObject = 1636C0612436CA540004FAD5 /* Project object */;
}
